PODS:
  - CLXToast (0.4.0):
    - CLXToast/Objc-Toast (= 0.4.0)
  - CLXToast/Objc-Toast (0.4.0)

DEPENDENCIES:
  - CLXToast (from `../`)
  - CLXToast/Objc-Toast (from `../`)

EXTERNAL SOURCES:
  CLXToast:
    :path: "../"

SPEC CHECKSUMS:
  CLXToast: 942708ed87d21a565fb61afc725eaf9998636b7b

PODFILE CHECKSUM: f2dad45d82979aada763cb5404f5e131da2f5f5f

COCOAPODS: 1.5.3
